
Microsoft Visual Studio Solution File, Format Version 11.00
# Visual Studio 2010
Project("{FAE04EC0-301F-11D3-BF4B-00C04F79EFBC}") = "RunnerTest", "Assembly-CSharp.csproj", "{485CC6DF-7A80-3F4D-64F0-2FA2ABFA12CB}"
EndProject
Global
	GlobalSection(SolutionConfigurationPlatforms) = preSolution
		Debug|Any CPU = Debug|Any CPU
		Release|Any CPU = Release|Any CPU
	EndGlobalSection
	GlobalSection(ProjectConfigurationPlatforms) = postSolution
		{485CC6DF-7A80-3F4D-64F0-2FA2ABFA12CB}.Debug|Any CPU.ActiveCfg = Debug|Any CPU
		{485CC6DF-7A80-3F4D-64F0-2FA2ABFA12CB}.Debug|Any CPU.Build.0 = Debug|Any CPU
		{485CC6DF-7A80-3F4D-64F0-2FA2ABFA12CB}.Release|Any CPU.ActiveCfg = Release|Any CPU
		{485CC6DF-7A80-3F4D-64F0-2FA2ABFA12CB}.Release|Any CPU.Build.0 = Release|Any CPU
	EndGlobalSection
	GlobalSection(SolutionProperties) = preSolution
		HideSolutionNode = FALSE
	EndGlobalSection
	GlobalSection(MonoDevelopProperties) = preSolution
		StartupItem = Assembly-CSharp.csproj
	EndGlobalSection
EndGlobal
